
Microsoft Visual Studio Solution File, Format Version 12.00
# Visual Studio 15
VisualStudioVersion = 15.0.27703.2018
MinimumVisualStudioVersion = 10.0.40219.1
Project("{FAE04EC0-301F-11D3-BF4B-00C04F79EFBC}") = "SabreClient", "SabreClient\SabreClient.csproj", "{9069FA47-30C2-4A45-955F-705498237099}"
EndProject
Project("{FAE04EC0-301F-11D3-BF4B-00C04F79EFBC}") = "SabreClientTest", "SabreClientTest\SabreClientTest.csproj", "{4BBAF7AF-21C9-45B4-A672-0F62AC2395E6}"
EndProject
Project("{FAE04EC0-301F-11D3-BF4B-00C04F79EFBC}") = "BusinessLogic", "BusinessLogic\BusinessLogic.csproj", "{4C022A82-E858-4163-900E-97BA199803B2}"
EndProject
Project("{FAE04EC0-301F-11D3-BF4B-00C04F79EFBC}") = "Domain", "Domain\Domain.csproj", "{7DBF2EF3-758B-4334-AFC6-14C8C1AE3B0F}"
EndProject
Global
	GlobalSection(SolutionConfigurationPlatforms) = preSolution
		Debug|Any CPU = Debug|Any CPU
		Release|Any CPU = Release|Any CPU
	EndGlobalSection
	GlobalSection(ProjectConfigurationPlatforms) = postSolution
		{9069FA47-30C2-4A45-955F-705498237099}.Debug|Any CPU.ActiveCfg = Debug|Any CPU
		{9069FA47-30C2-4A45-955F-705498237099}.Debug|Any CPU.Build.0 = Debug|Any CPU
		{9069FA47-30C2-4A45-955F-705498237099}.Release|Any CPU.ActiveCfg = Release|Any CPU
		{9069FA47-30C2-4A45-955F-705498237099}.Release|Any CPU.Build.0 = Release|Any CPU
		{4BBAF7AF-21C9-45B4-A672-0F62AC2395E6}.Debug|Any CPU.ActiveCfg = Debug|Any CPU
		{4BBAF7AF-21C9-45B4-A672-0F62AC2395E6}.Debug|Any CPU.Build.0 = Debug|Any CPU
		{4BBAF7AF-21C9-45B4-A672-0F62AC2395E6}.Release|Any CPU.ActiveCfg = Release|Any CPU
		{4BBAF7AF-21C9-45B4-A672-0F62AC2395E6}.Release|Any CPU.Build.0 = Release|Any CPU
		{4C022A82-E858-4163-900E-97BA199803B2}.Debug|Any CPU.ActiveCfg = Debug|Any CPU
		{4C022A82-E858-4163-900E-97BA199803B2}.Debug|Any CPU.Build.0 = Debug|Any CPU
		{4C022A82-E858-4163-900E-97BA199803B2}.Release|Any CPU.ActiveCfg = Release|Any CPU
		{4C022A82-E858-4163-900E-97BA199803B2}.Release|Any CPU.Build.0 = Release|Any CPU
		{7DBF2EF3-758B-4334-AFC6-14C8C1AE3B0F}.Debug|Any CPU.ActiveCfg = Debug|Any CPU
		{7DBF2EF3-758B-4334-AFC6-14C8C1AE3B0F}.Debug|Any CPU.Build.0 = Debug|Any CPU
		{7DBF2EF3-758B-4334-AFC6-14C8C1AE3B0F}.Release|Any CPU.ActiveCfg = Release|Any CPU
		{7DBF2EF3-758B-4334-AFC6-14C8C1AE3B0F}.Release|Any CPU.Build.0 = Release|Any CPU
	EndGlobalSection
	GlobalSection(SolutionProperties) = preSolution
		HideSolutionNode = FALSE
	EndGlobalSection
	GlobalSection(ExtensibilityGlobals) = postSolution
		SolutionGuid = {54A53C40-7F84-42A7-B503-6B88D9D2EE00}
	EndGlobalSection
EndGlobal
